
Microsoft Visual Studio Solution File, Format Version 12.00
# Visual Studio 14
VisualStudioVersion = 14.0.25123.0
MinimumVisualStudioVersion = 10.0.40219.1
Project("{FAE04EC0-301F-11D3-BF4B-00C04F79EFBC}") = "Chat Room", "Chat Room\Chat Room.csproj", "{84995BB5-6B5B-47FD-8FEA-32058B6AC634}"
EndProject
Project("{FAE04EC0-301F-11D3-BF4B-00C04F79EFBC}") = "Chat Room Server", "Chat Room Server\Chat Room Server.csproj", "{F652685A-6064-4F06-86C4-1BE065C58B1C}"
EndProject
Project("{FAE04EC0-301F-11D3-BF4B-00C04F79EFBC}") = "Chat Room Utilities", "Utilities\Chat Room Utilities.csproj", "{B6F8C0CE-2069-499F-9291-4AEEBF70FDE7}"
EndProject
Global
	GlobalSection(SolutionConfigurationPlatforms) = preSolution
		Debug|Any CPU = Debug|Any CPU
		Release|Any CPU = Release|Any CPU
	EndGlobalSection
	GlobalSection(ProjectConfigurationPlatforms) = postSolution
		{84995BB5-6B5B-47FD-8FEA-32058B6AC634}.Debug|Any CPU.ActiveCfg = Debug|Any CPU
		{84995BB5-6B5B-47FD-8FEA-32058B6AC634}.Debug|Any CPU.Build.0 = Debug|Any CPU
		{84995BB5-6B5B-47FD-8FEA-32058B6AC634}.Release|Any CPU.ActiveCfg = Release|Any CPU
		{84995BB5-6B5B-47FD-8FEA-32058B6AC634}.Release|Any CPU.Build.0 = Release|Any CPU
		{F652685A-6064-4F06-86C4-1BE065C58B1C}.Debug|Any CPU.ActiveCfg = Debug|Any CPU
		{F652685A-6064-4F06-86C4-1BE065C58B1C}.Debug|Any CPU.Build.0 = Debug|Any CPU
		{F652685A-6064-4F06-86C4-1BE065C58B1C}.Release|Any CPU.ActiveCfg = Release|Any CPU
		{F652685A-6064-4F06-86C4-1BE065C58B1C}.Release|Any CPU.Build.0 = Release|Any CPU
		{B6F8C0CE-2069-499F-9291-4AEEBF70FDE7}.Debug|Any CPU.ActiveCfg = Debug|Any CPU
		{B6F8C0CE-2069-499F-9291-4AEEBF70FDE7}.Debug|Any CPU.Build.0 = Debug|Any CPU
		{B6F8C0CE-2069-499F-9291-4AEEBF70FDE7}.Release|Any CPU.ActiveCfg = Release|Any CPU
		{B6F8C0CE-2069-499F-9291-4AEEBF70FDE7}.Release|Any CPU.Build.0 = Release|Any CPU
	EndGlobalSection
	GlobalSection(SolutionProperties) = preSolution
		HideSolutionNode = FALSE
	EndGlobalSection
	GlobalSection(TeamFoundationVersionControl) = preSolution
		SccNumberOfProjects = 4
		SccEnterpriseProvider = {4CA58AB2-18FA-4F8D-95D4-32DDF27D184C}
		SccTeamFoundationServer = https://krconv.visualstudio.com/
		SccLocalPath0 = .
		SccProjectUniqueName1 = Chat\u0020Room\\Chat\u0020Room.csproj
		SccProjectName1 = Chat\u0020Room
		SccLocalPath1 = Chat\u0020Room
		SccProjectUniqueName2 = Chat\u0020Room\u0020Server\\Chat\u0020Room\u0020Server.csproj
		SccProjectName2 = Chat\u0020Room\u0020Server
		SccLocalPath2 = Chat\u0020Room\u0020Server
		SccProjectUniqueName3 = Utilities\\Chat\u0020Room\u0020Utilities.csproj
		SccProjectName3 = Utilities
		SccLocalPath3 = Utilities
	EndGlobalSection
EndGlobal
